# This file is automatically @generated by Wally.
# It is not intended for manual editing.
registry = "test"

[[package]]
name = "cipharius/msgpack-luau"
version = "0.2.1"
dependencies = []

[[package]]
name = "elttob/fusion"
version = "0.1.1-beta"
dependencies = []

[[package]]
name = "elttob/fusion"
version = "0.2.0"
dependencies = []

[[package]]
name = "evaera/cmdr"
version = "1.12.0"
dependencies = []

[[package]]
name = "evaera/promise"
version = "4.0.0"
dependencies = []

[[package]]
name = "fizzyhex/smash-framework"
version = "0.1.0"
dependencies = [["Component", "sleitnick/component@2.4.8"], ["Strapper", "fizzyhex/strapper@0.1.5"], ["Trove", "sleitnick/trove@0.5.0"]]

[[package]]
name = "fizzyhex/strapper"
version = "0.1.5"
dependencies = []

[[package]]
name = "howmanysmall/janitor"
version = "1.15.7"
dependencies = [["Promise", "evaera/promise@4.0.0"]]

[[package]]
name = "msi/testproject"
version = "0.1.0"
dependencies = [["anyRandomName", "howmanysmall/janitor@1.15.7"], ["cmdr", "evaera/cmdr@1.12.0"], ["fusion", "elttob/fusion@0.2.0"], ["msgpack", "cipharius/msgpack-luau@0.2.1"], ["oldfusion", "elttob/fusion@0.1.1-beta"], ["lapis", "nezuo/lapis@0.2.9"], ["smash-framework", "fizzyhex/smash-framework@0.1.0"]]

[[package]]
name = "nezuo/lapis"
version = "0.2.9"
dependencies = [["Promise", "evaera/promise@4.0.0"]]

[[package]]
name = "sleitnick/component"
version = "2.4.8"
dependencies = [["Promise", "evaera/promise@4.0.0"], ["Signal", "sleitnick/signal@2.0.1"], ["Symbol", "sleitnick/symbol@2.0.1"], ["Trove", "sleitnick/trove@1.1.0"]]

[[package]]
name = "sleitnick/signal"
version = "2.0.1"
dependencies = []

[[package]]
name = "sleitnick/symbol"
version = "2.0.1"
dependencies = []

[[package]]
name = "sleitnick/trove"
version = "0.5.0"
dependencies = []

[[package]]
name = "sleitnick/trove"
version = "1.1.0"
dependencies = []
