# This file is automatically @generated by Wally.
# It is not intended for manual editing.
registry = "test"

[[package]]
name = "elttob/fusion"
version = "0.2.0"
dependencies = []

[[package]]
name = "evaera/promise"
version = "4.0.0"
dependencies = []

[[package]]
name = "msi/testproject"
version = "0.1.0"
dependencies = [["fusion", "elttob/fusion@0.2.0"], ["lapis", "nezuo/lapis@0.2.9"]]

[[package]]
name = "nezuo/lapis"
version = "0.2.9"
dependencies = [["Promise", "evaera/promise@4.0.0"]]
